
Microsoft Visual Studio Solution File, Format Version 12.00
# Visual Studio Version 17
VisualStudioVersion = 17.0.31903.59
MinimumVisualStudioVersion = 10.0.40219.1
Project("{FAE04EC0-301F-11D3-BF4B-00C04F79EFBC}") = "WorkSenseHat", "WorkSenseHat\WorkSenseHat.csproj", "{FEE4DD17-DD7E-4BF0-9058-773A2789BD0B}"
EndProject
Global
	GlobalSection(SolutionConfigurationPlatforms) = preSolution
		Debug|Any CPU = Debug|Any CPU
		Release|Any CPU = Release|Any CPU
	EndGlobalSection
	GlobalSection(ProjectConfigurationPlatforms) = postSolution
		{FEE4DD17-DD7E-4BF0-9058-773A2789BD0B}.Debug|Any CPU.ActiveCfg = Debug|Any CPU
		{FEE4DD17-DD7E-4BF0-9058-773A2789BD0B}.Debug|Any CPU.Build.0 = Debug|Any CPU
		{FEE4DD17-DD7E-4BF0-9058-773A2789BD0B}.Release|Any CPU.ActiveCfg = Release|Any CPU
		{FEE4DD17-DD7E-4BF0-9058-773A2789BD0B}.Release|Any CPU.Build.0 = Release|Any CPU
	EndGlobalSection
	GlobalSection(SolutionProperties) = preSolution
		HideSolutionNode = FALSE
	EndGlobalSection
	GlobalSection(ExtensibilityGlobals) = postSolution
		SolutionGuid = {117D5F67-AD27-41E0-ADF6-C15B936389CB}
	EndGlobalSection
EndGlobal
