
Microsoft Visual Studio Solution File, Format Version 12.00
# Visual Studio Version 17
VisualStudioVersion = 17.0.31919.166
MinimumVisualStudioVersion = 10.0.40219.1
Project("{9A19103F-16F7-4668-BE54-9A1E7A4F7556}") = "SenseHatServer", "SenseHatServer\SenseHatServer.csproj", "{358C87D0-D793-475C-8E25-B438D651EA0F}"
EndProject
Project("{2150E333-8FDC-42A3-9474-1A3956D46DE8}") = "Solution Items", "Solution Items", "{ECA6479B-DF9E-4D2B-99BF-871B3CB3CC87}"
	ProjectSection(SolutionItems) = preProject
		.editorconfig = .editorconfig
		.gitattributes = .gitattributes
		.gitignore = .gitignore
		Analyzers.ruleset = Analyzers.ruleset
		Directory.Build.props = Directory.Build.props
		Directory.Build.targets = Directory.Build.targets
		publish-linux-arm-single.bat = publish-linux-arm-single.bat
		README.md = README.md
		sensehat.service = sensehat.service
		SenseHatServer.sln.DotSettings = SenseHatServer.sln.DotSettings
	EndProjectSection
EndProject
Global
	GlobalSection(SolutionConfigurationPlatforms) = preSolution
		Debug|Any CPU = Debug|Any CPU
		Release|Any CPU = Release|Any CPU
	EndGlobalSection
	GlobalSection(ProjectConfigurationPlatforms) = postSolution
		{358C87D0-D793-475C-8E25-B438D651EA0F}.Debug|Any CPU.ActiveCfg = Debug|Any CPU
		{358C87D0-D793-475C-8E25-B438D651EA0F}.Debug|Any CPU.Build.0 = Debug|Any CPU
		{358C87D0-D793-475C-8E25-B438D651EA0F}.Release|Any CPU.ActiveCfg = Release|Any CPU
		{358C87D0-D793-475C-8E25-B438D651EA0F}.Release|Any CPU.Build.0 = Release|Any CPU
	EndGlobalSection
	GlobalSection(SolutionProperties) = preSolution
		HideSolutionNode = FALSE
	EndGlobalSection
	GlobalSection(ExtensibilityGlobals) = postSolution
		SolutionGuid = {B4DFBF57-82AD-454C-BBEC-392D88A22F4A}
	EndGlobalSection
EndGlobal
